
Microsoft Visual Studio Solution File, Format Version 12.00
# Visual Studio Version 16
VisualStudioVersion = 16.0.33927.289
MinimumVisualStudioVersion = 10.0.40219.1
Project("{2150E333-8FDC-42A3-9474-1A3956D46DE8}") = "Task0", "Task0", "{1F11E7FC-C27D-402D-8A34-D655E7B9FE44}"
EndProject
Project("{FAE04EC0-301F-11D3-BF4B-00C04F79EFBC}") = "Tyuiu.LebedevIV.Sprint0.Task0.V0", "Tyuiu.LebedevIV.Sprint0.Task0.V0\Tyuiu.LebedevIV.Sprint0.Task0.V0.csproj", "{0F5E3307-8D1B-4831-B59A-5BC0E5F99F42}"
EndProject
Project("{2150E333-8FDC-42A3-9474-1A3956D46DE8}") = "Task1", "Task1", "{AE6AA16E-DB43-4258-9446-565CEFC09180}"
EndProject
Project("{FAE04EC0-301F-11D3-BF4B-00C04F79EFBC}") = "Tyuiu.LebedevIV.Sprint0.Task1.V0", "Tyuiu.LebedevIV.Sprint0.Task1.V0\Tyuiu.LebedevIV.Sprint0.Task1.V0.csproj", "{F5B85D81-FAAE-4E05-B924-C7382FC3C8DA}"
EndProject
Project("{2150E333-8FDC-42A3-9474-1A3956D46DE8}") = "Task2", "Task2", "{2C4552DF-E5BE-413D-B3F0-4C694CEF30CB}"
EndProject
Project("{FAE04EC0-301F-11D3-BF4B-00C04F79EFBC}") = "Tyuiu.LebedevIV.Sprint0.Task2.V0", "Tyuiu.LebedevIV.Sprint0.Task2.V0\Tyuiu.LebedevIV.Sprint0.Task2.V0.csproj", "{799F550D-7E4C-4012-B896-DC3FCC39F563}"
EndProject
Project("{FAE04EC0-301F-11D3-BF4B-00C04F79EFBC}") = "Tyuiu.LebedevIV.Sprint0.Task2.V0.Lib", "Tyuiu.LebedevIV.Sprint0.Task2.V0.Lib\Tyuiu.LebedevIV.Sprint0.Task2.V0.Lib.csproj", "{59C5C4E2-AF83-4854-BFBA-CDCDDA47CA16}"
EndProject
Project("{FAE04EC0-301F-11D3-BF4B-00C04F79EFBC}") = "Tyuiu.LebedevIV.Sprint0.Task2.V0.Test", "Tyuiu.LebedevIV.Sprint0.Task2.V0.Test\Tyuiu.LebedevIV.Sprint0.Task2.V0.Test.csproj", "{5CC73668-E4F4-409A-969E-FEC4A7FD22D2}"
EndProject
Project("{2150E333-8FDC-42A3-9474-1A3956D46DE8}") = "Task3", "Task3", "{848A6AA2-8841-4D7D-9531-2053E1E12B57}"
EndProject
Project("{FAE04EC0-301F-11D3-BF4B-00C04F79EFBC}") = "Tyuiu.LebedevIV.Sprint0.Task3.V0", "Tyuiu.LebedevIV.Sprint0.Task3.V0\Tyuiu.LebedevIV.Sprint0.Task3.V0.csproj", "{6EA5D94A-2835-4F75-A2EE-C1CA4CFBBB47}"
EndProject
Project("{FAE04EC0-301F-11D3-BF4B-00C04F79EFBC}") = "Tyuiu.LebedevIV.Sprint0.Task3.V0.Lib", "Tyuiu.LebedevIV.Sprint0.Task3.V0.Lib\Tyuiu.LebedevIV.Sprint0.Task3.V0.Lib.csproj", "{FC146A03-E6CF-497A-A222-64752893D51F}"
EndProject
Project("{FAE04EC0-301F-11D3-BF4B-00C04F79EFBC}") = "Tyuiu.LebedevIV.Sprint0.Task3.V0.Test", "Tyuiu.LebedevIV.Sprint0.Task3.V0.Test\Tyuiu.LebedevIV.Sprint0.Task3.V0.Test.csproj", "{273975C5-EC77-4826-8714-ADC0F2366C2B}"
EndProject
Project("{2150E333-8FDC-42A3-9474-1A3956D46DE8}") = "Task4", "Task4", "{0DE5E2F3-18AB-4788-A225-390CC7868CBB}"
EndProject
Project("{FAE04EC0-301F-11D3-BF4B-00C04F79EFBC}") = "Tyuiu.LebedevIV.Sprint0.Task4.V0", "Tyuiu.LebedevIV.Sprint0.Task4.V0\Tyuiu.LebedevIV.Sprint0.Task4.V0.csproj", "{30D17243-4217-4326-9074-DA4E774AA0FD}"
EndProject
Project("{FAE04EC0-301F-11D3-BF4B-00C04F79EFBC}") = "Tyuiu.LebedevIV.Sprint0.Task4.V0.Test", "Tyuiu.LebedevIV.Sprint0.Task4.V0.Test\Tyuiu.LebedevIV.Sprint0.Task4.V0.Test.csproj", "{EF42C168-CD90-425F-BF35-8FF8FB8DC325}"
EndProject
Project("{FAE04EC0-301F-11D3-BF4B-00C04F79EFBC}") = "Tyuiu.LebedevIV.Sprint0.Task4.V0.Lib", "Tyuiu.LebedevIV.Sprint0.Task4.V0.Lib\Tyuiu.LebedevIV.Sprint0.Task4.V0.Lib.csproj", "{69B0CB64-7E0E-4400-8490-83ACACF49E85}"
EndProject
Project("{2150E333-8FDC-42A3-9474-1A3956D46DE8}") = "Task5", "Task5", "{1D27DC2B-230F-4AE9-9835-1F8DB0C4AF99}"
EndProject
Project("{FAE04EC0-301F-11D3-BF4B-00C04F79EFBC}") = "Tyuiu.LebedevIV.Sprint0.Task5.V0", "Tyuiu.LebedevIV.Sprint0.Task5.V0\Tyuiu.LebedevIV.Sprint0.Task5.V0.csproj", "{0EF526F6-DA9C-4348-89B7-74A7676FC407}"
EndProject
Project("{FAE04EC0-301F-11D3-BF4B-00C04F79EFBC}") = "Tyuiu.LebedevIV.Sprint0.Task5.V0.Lib", "Tyuiu.LebedevIV.Sprint0.Task5.V0.Lib\Tyuiu.LebedevIV.Sprint0.Task5.V0.Lib.csproj", "{E98CD52F-FDD5-4EF5-A04E-F3D45852840A}"
EndProject
Project("{FAE04EC0-301F-11D3-BF4B-00C04F79EFBC}") = "Tyuiu.LebedevIV.Sprint0.Task5.V0.Test", "Tyuiu.LebedevIV.Sprint0.Task5.V0.Test\Tyuiu.LebedevIV.Sprint0.Task5.V0.Test.csproj", "{CA4A33C5-2099-4774-A298-997B21F8EADB}"
EndProject
Project("{2150E333-8FDC-42A3-9474-1A3956D46DE8}") = "Task6", "Task6", "{76F145D7-A4B8-41B0-A183-72D50778355D}"
EndProject
Project("{FAE04EC0-301F-11D3-BF4B-00C04F79EFBC}") = "Tyuiu.LebedevIV.Sprint0.Task6.V0.Test", "Tyuiu.LebedevIV.Sprint0.Task6.V0.Test\Tyuiu.LebedevIV.Sprint0.Task6.V0.Test.csproj", "{2EED3447-CDE1-411D-9509-47926EFFF550}"
EndProject
Project("{FAE04EC0-301F-11D3-BF4B-00C04F79EFBC}") = "Tyuiu.LebedevIV.Sprint0.Task6.V0.Lib", "Tyuiu.LebedevIV.Sprint0.Task6.V0.Lib\Tyuiu.LebedevIV.Sprint0.Task6.V0.Lib.csproj", "{49ECB87A-2D08-490D-9434-7C19A349B04A}"
EndProject
Project("{FAE04EC0-301F-11D3-BF4B-00C04F79EFBC}") = "Tyuiu.LebedevIV.Sprint0.Task6.V0", "Tyuiu.LebedevIV.Sprint0.Task6.V0\Tyuiu.LebedevIV.Sprint0.Task6.V0.csproj", "{9679EB5D-5D94-41CB-B8D8-BE28FCE37E3C}"
EndProject
Project("{2150E333-8FDC-42A3-9474-1A3956D46DE8}") = "Task7", "Task7", "{FB954F98-35CA-4F34-8171-B3357C1B4210}"
EndProject
Project("{FAE04EC0-301F-11D3-BF4B-00C04F79EFBC}") = "Tyuiu.LebedevIV.Sprint0.Task7.V0", "Tyuiu.LebedevIV.Sprint0.Task7.V0\Tyuiu.LebedevIV.Sprint0.Task7.V0.csproj", "{F82CBF2A-7505-4CAB-B37F-370EBDF4BE9A}"
EndProject
Project("{FAE04EC0-301F-11D3-BF4B-00C04F79EFBC}") = "Tyuiu.LebedevIV.Sprint0.Task7.V0.Lib", "Tyuiu.LebedevIV.Sprint0.Task7.V0.Lib\Tyuiu.LebedevIV.Sprint0.Task7.V0.Lib.csproj", "{63317B1F-81D9-4BF4-962B-E76512244136}"
EndProject
Project("{FAE04EC0-301F-11D3-BF4B-00C04F79EFBC}") = "Tyuiu.LebedevIV.Sprint0.Task7.V0.Test", "Tyuiu.LebedevIV.Sprint0.Task7.V0.Test\Tyuiu.LebedevIV.Sprint0.Task7.V0.Test.csproj", "{71E3035A-40F4-4863-94CF-B14FEC4AA901}"
EndProject
Global
	GlobalSection(SolutionConfigurationPlatforms) = preSolution
		Debug|Any CPU = Debug|Any CPU
		Release|Any CPU = Release|Any CPU
	EndGlobalSection
	GlobalSection(ProjectConfigurationPlatforms) = postSolution
		{0F5E3307-8D1B-4831-B59A-5BC0E5F99F42}.Debug|Any CPU.ActiveCfg = Debug|Any CPU
		{0F5E3307-8D1B-4831-B59A-5BC0E5F99F42}.Debug|Any CPU.Build.0 = Debug|Any CPU
		{0F5E3307-8D1B-4831-B59A-5BC0E5F99F42}.Release|Any CPU.ActiveCfg = Release|Any CPU
		{0F5E3307-8D1B-4831-B59A-5BC0E5F99F42}.Release|Any CPU.Build.0 = Release|Any CPU
		{F5B85D81-FAAE-4E05-B924-C7382FC3C8DA}.Debug|Any CPU.ActiveCfg = Debug|Any CPU
		{F5B85D81-FAAE-4E05-B924-C7382FC3C8DA}.Debug|Any CPU.Build.0 = Debug|Any CPU
		{F5B85D81-FAAE-4E05-B924-C7382FC3C8DA}.Release|Any CPU.ActiveCfg = Release|Any CPU
		{F5B85D81-FAAE-4E05-B924-C7382FC3C8DA}.Release|Any CPU.Build.0 = Release|Any CPU
		{799F550D-7E4C-4012-B896-DC3FCC39F563}.Debug|Any CPU.ActiveCfg = Debug|Any CPU
		{799F550D-7E4C-4012-B896-DC3FCC39F563}.Debug|Any CPU.Build.0 = Debug|Any CPU
		{799F550D-7E4C-4012-B896-DC3FCC39F563}.Release|Any CPU.ActiveCfg = Release|Any CPU
		{799F550D-7E4C-4012-B896-DC3FCC39F563}.Release|Any CPU.Build.0 = Release|Any CPU
		{59C5C4E2-AF83-4854-BFBA-CDCDDA47CA16}.Debug|Any CPU.ActiveCfg = Debug|Any CPU
		{59C5C4E2-AF83-4854-BFBA-CDCDDA47CA16}.Debug|Any CPU.Build.0 = Debug|Any CPU
		{59C5C4E2-AF83-4854-BFBA-CDCDDA47CA16}.Release|Any CPU.ActiveCfg = Release|Any CPU
		{59C5C4E2-AF83-4854-BFBA-CDCDDA47CA16}.Release|Any CPU.Build.0 = Release|Any CPU
		{5CC73668-E4F4-409A-969E-FEC4A7FD22D2}.Debug|Any CPU.ActiveCfg = Debug|Any CPU
		{5CC73668-E4F4-409A-969E-FEC4A7FD22D2}.Debug|Any CPU.Build.0 = Debug|Any CPU
		{5CC73668-E4F4-409A-969E-FEC4A7FD22D2}.Release|Any CPU.ActiveCfg = Release|Any CPU
		{5CC73668-E4F4-409A-969E-FEC4A7FD22D2}.Release|Any CPU.Build.0 = Release|Any CPU
		{6EA5D94A-2835-4F75-A2EE-C1CA4CFBBB47}.Debug|Any CPU.ActiveCfg = Debug|Any CPU
		{6EA5D94A-2835-4F75-A2EE-C1CA4CFBBB47}.Debug|Any CPU.Build.0 = Debug|Any CPU
		{6EA5D94A-2835-4F75-A2EE-C1CA4CFBBB47}.Release|Any CPU.ActiveCfg = Release|Any CPU
		{6EA5D94A-2835-4F75-A2EE-C1CA4CFBBB47}.Release|Any CPU.Build.0 = Release|Any CPU
		{FC146A03-E6CF-497A-A222-64752893D51F}.Debug|Any CPU.ActiveCfg = Debug|Any CPU
		{FC146A03-E6CF-497A-A222-64752893D51F}.Debug|Any CPU.Build.0 = Debug|Any CPU
		{FC146A03-E6CF-497A-A222-64752893D51F}.Release|Any CPU.ActiveCfg = Release|Any CPU
		{FC146A03-E6CF-497A-A222-64752893D51F}.Release|Any CPU.Build.0 = Release|Any CPU
		{273975C5-EC77-4826-8714-ADC0F2366C2B}.Debug|Any CPU.ActiveCfg = Debug|Any CPU
		{273975C5-EC77-4826-8714-ADC0F2366C2B}.Debug|Any CPU.Build.0 = Debug|Any CPU
		{273975C5-EC77-4826-8714-ADC0F2366C2B}.Release|Any CPU.ActiveCfg = Release|Any CPU
		{273975C5-EC77-4826-8714-ADC0F2366C2B}.Release|Any CPU.Build.0 = Release|Any CPU
		{30D17243-4217-4326-9074-DA4E774AA0FD}.Debug|Any CPU.ActiveCfg = Debug|Any CPU
		{30D17243-4217-4326-9074-DA4E774AA0FD}.Debug|Any CPU.Build.0 = Debug|Any CPU
		{30D17243-4217-4326-9074-DA4E774AA0FD}.Release|Any CPU.ActiveCfg = Release|Any CPU
		{30D17243-4217-4326-9074-DA4E774AA0FD}.Release|Any CPU.Build.0 = Release|Any CPU
		{EF42C168-CD90-425F-BF35-8FF8FB8DC325}.Debug|Any CPU.ActiveCfg = Debug|Any CPU
		{EF42C168-CD90-425F-BF35-8FF8FB8DC325}.Debug|Any CPU.Build.0 = Debug|Any CPU
		{EF42C168-CD90-425F-BF35-8FF8FB8DC325}.Release|Any CPU.ActiveCfg = Release|Any CPU
		{EF42C168-CD90-425F-BF35-8FF8FB8DC325}.Release|Any CPU.Build.0 = Release|Any CPU
		{69B0CB64-7E0E-4400-8490-83ACACF49E85}.Debug|Any CPU.ActiveCfg = Debug|Any CPU
		{69B0CB64-7E0E-4400-8490-83ACACF49E85}.Debug|Any CPU.Build.0 = Debug|Any CPU
		{69B0CB64-7E0E-4400-8490-83ACACF49E85}.Release|Any CPU.ActiveCfg = Release|Any CPU
		{69B0CB64-7E0E-4400-8490-83ACACF49E85}.Release|Any CPU.Build.0 = Release|Any CPU
		{0EF526F6-DA9C-4348-89B7-74A7676FC407}.Debug|Any CPU.ActiveCfg = Debug|Any CPU
		{0EF526F6-DA9C-4348-89B7-74A7676FC407}.Debug|Any CPU.Build.0 = Debug|Any CPU
		{0EF526F6-DA9C-4348-89B7-74A7676FC407}.Release|Any CPU.ActiveCfg = Release|Any CPU
		{0EF526F6-DA9C-4348-89B7-74A7676FC407}.Release|Any CPU.Build.0 = Release|Any CPU
		{E98CD52F-FDD5-4EF5-A04E-F3D45852840A}.Debug|Any CPU.ActiveCfg = Debug|Any CPU
		{E98CD52F-FDD5-4EF5-A04E-F3D45852840A}.Debug|Any CPU.Build.0 = Debug|Any CPU
		{E98CD52F-FDD5-4EF5-A04E-F3D45852840A}.Release|Any CPU.ActiveCfg = Release|Any CPU
		{E98CD52F-FDD5-4EF5-A04E-F3D45852840A}.Release|Any CPU.Build.0 = Release|Any CPU
		{CA4A33C5-2099-4774-A298-997B21F8EADB}.Debug|Any CPU.ActiveCfg = Debug|Any CPU
		{CA4A33C5-2099-4774-A298-997B21F8EADB}.Debug|Any CPU.Build.0 = Debug|Any CPU
		{CA4A33C5-2099-4774-A298-997B21F8EADB}.Release|Any CPU.ActiveCfg = Release|Any CPU
		{CA4A33C5-2099-4774-A298-997B21F8EADB}.Release|Any CPU.Build.0 = Release|Any CPU
		{2EED3447-CDE1-411D-9509-47926EFFF550}.Debug|Any CPU.ActiveCfg = Debug|Any CPU
		{2EED3447-CDE1-411D-9509-47926EFFF550}.Debug|Any CPU.Build.0 = Debug|Any CPU
		{2EED3447-CDE1-411D-9509-47926EFFF550}.Release|Any CPU.ActiveCfg = Release|Any CPU
		{2EED3447-CDE1-411D-9509-47926EFFF550}.Release|Any CPU.Build.0 = Release|Any CPU
		{49ECB87A-2D08-490D-9434-7C19A349B04A}.Debug|Any CPU.ActiveCfg = Debug|Any CPU
		{49ECB87A-2D08-490D-9434-7C19A349B04A}.Debug|Any CPU.Build.0 = Debug|Any CPU
		{49ECB87A-2D08-490D-9434-7C19A349B04A}.Release|Any CPU.ActiveCfg = Release|Any CPU
		{49ECB87A-2D08-490D-9434-7C19A349B04A}.Release|Any CPU.Build.0 = Release|Any CPU
		{9679EB5D-5D94-41CB-B8D8-BE28FCE37E3C}.Debug|Any CPU.ActiveCfg = Debug|Any CPU
		{9679EB5D-5D94-41CB-B8D8-BE28FCE37E3C}.Debug|Any CPU.Build.0 = Debug|Any CPU
		{9679EB5D-5D94-41CB-B8D8-BE28FCE37E3C}.Release|Any CPU.ActiveCfg = Release|Any CPU
		{9679EB5D-5D94-41CB-B8D8-BE28FCE37E3C}.Release|Any CPU.Build.0 = Release|Any CPU
		{F82CBF2A-7505-4CAB-B37F-370EBDF4BE9A}.Debug|Any CPU.ActiveCfg = Debug|Any CPU
		{F82CBF2A-7505-4CAB-B37F-370EBDF4BE9A}.Debug|Any CPU.Build.0 = Debug|Any CPU
		{F82CBF2A-7505-4CAB-B37F-370EBDF4BE9A}.Release|Any CPU.ActiveCfg = Release|Any CPU
		{F82CBF2A-7505-4CAB-B37F-370EBDF4BE9A}.Release|Any CPU.Build.0 = Release|Any CPU
		{63317B1F-81D9-4BF4-962B-E76512244136}.Debug|Any CPU.ActiveCfg = Debug|Any CPU
		{63317B1F-81D9-4BF4-962B-E76512244136}.Debug|Any CPU.Build.0 = Debug|Any CPU
		{63317B1F-81D9-4BF4-962B-E76512244136}.Release|Any CPU.ActiveCfg = Release|Any CPU
		{63317B1F-81D9-4BF4-962B-E76512244136}.Release|Any CPU.Build.0 = Release|Any CPU
		{71E3035A-40F4-4863-94CF-B14FEC4AA901}.Debug|Any CPU.ActiveCfg = Debug|Any CPU
		{71E3035A-40F4-4863-94CF-B14FEC4AA901}.Debug|Any CPU.Build.0 = Debug|Any CPU
		{71E3035A-40F4-4863-94CF-B14FEC4AA901}.Release|Any CPU.ActiveCfg = Release|Any CPU
		{71E3035A-40F4-4863-94CF-B14FEC4AA901}.Release|Any CPU.Build.0 = Release|Any CPU
	EndGlobalSection
	GlobalSection(SolutionProperties) = preSolution
		HideSolutionNode = FALSE
	EndGlobalSection
	GlobalSection(NestedProjects) = preSolution
		{0F5E3307-8D1B-4831-B59A-5BC0E5F99F42} = {1F11E7FC-C27D-402D-8A34-D655E7B9FE44}
		{F5B85D81-FAAE-4E05-B924-C7382FC3C8DA} = {AE6AA16E-DB43-4258-9446-565CEFC09180}
		{799F550D-7E4C-4012-B896-DC3FCC39F563} = {2C4552DF-E5BE-413D-B3F0-4C694CEF30CB}
		{59C5C4E2-AF83-4854-BFBA-CDCDDA47CA16} = {2C4552DF-E5BE-413D-B3F0-4C694CEF30CB}
		{5CC73668-E4F4-409A-969E-FEC4A7FD22D2} = {2C4552DF-E5BE-413D-B3F0-4C694CEF30CB}
		{6EA5D94A-2835-4F75-A2EE-C1CA4CFBBB47} = {848A6AA2-8841-4D7D-9531-2053E1E12B57}
		{FC146A03-E6CF-497A-A222-64752893D51F} = {848A6AA2-8841-4D7D-9531-2053E1E12B57}
		{273975C5-EC77-4826-8714-ADC0F2366C2B} = {848A6AA2-8841-4D7D-9531-2053E1E12B57}
		{30D17243-4217-4326-9074-DA4E774AA0FD} = {0DE5E2F3-18AB-4788-A225-390CC7868CBB}
		{EF42C168-CD90-425F-BF35-8FF8FB8DC325} = {0DE5E2F3-18AB-4788-A225-390CC7868CBB}
		{69B0CB64-7E0E-4400-8490-83ACACF49E85} = {0DE5E2F3-18AB-4788-A225-390CC7868CBB}
		{0EF526F6-DA9C-4348-89B7-74A7676FC407} = {1D27DC2B-230F-4AE9-9835-1F8DB0C4AF99}
		{E98CD52F-FDD5-4EF5-A04E-F3D45852840A} = {1D27DC2B-230F-4AE9-9835-1F8DB0C4AF99}
		{CA4A33C5-2099-4774-A298-997B21F8EADB} = {1D27DC2B-230F-4AE9-9835-1F8DB0C4AF99}
		{2EED3447-CDE1-411D-9509-47926EFFF550} = {76F145D7-A4B8-41B0-A183-72D50778355D}
		{49ECB87A-2D08-490D-9434-7C19A349B04A} = {76F145D7-A4B8-41B0-A183-72D50778355D}
		{9679EB5D-5D94-41CB-B8D8-BE28FCE37E3C} = {76F145D7-A4B8-41B0-A183-72D50778355D}
		{F82CBF2A-7505-4CAB-B37F-370EBDF4BE9A} = {FB954F98-35CA-4F34-8171-B3357C1B4210}
		{63317B1F-81D9-4BF4-962B-E76512244136} = {FB954F98-35CA-4F34-8171-B3357C1B4210}
		{71E3035A-40F4-4863-94CF-B14FEC4AA901} = {FB954F98-35CA-4F34-8171-B3357C1B4210}
	EndGlobalSection
	GlobalSection(ExtensibilityGlobals) = postSolution
		SolutionGuid = {F1730ADC-E44C-4370-8F14-8EF13CEE506E}
	EndGlobalSection
EndGlobal
